
Microsoft Visual Studio Solution File, Format Version 12.00
# Visual Studio Version 16
VisualStudioVersion = 16.0.30523.141
MinimumVisualStudioVersion = 10.0.40219.1
Project("{8BC9CEB8-8B4A-11D0-8D11-00A0C91BC942}") = "8", "8\8.vcxproj", "{45175FE8-382F-4780-8B74-AC748A3E0AB8}"
EndProject
Global
	GlobalSection(SolutionConfigurationPlatforms) = preSolution
		Debug|x64 = Debug|x64
		Debug|x86 = Debug|x86
		Release|x64 = Release|x64
		Release|x86 = Release|x86
	EndGlobalSection
	GlobalSection(ProjectConfigurationPlatforms) = postSolution
		{45175FE8-382F-4780-8B74-AC748A3E0AB8}.Debug|x64.ActiveCfg = Debug|x64
		{45175FE8-382F-4780-8B74-AC748A3E0AB8}.Debug|x64.Build.0 = Debug|x64
		{45175FE8-382F-4780-8B74-AC748A3E0AB8}.Debug|x86.ActiveCfg = Debug|Win32
		{45175FE8-382F-4780-8B74-AC748A3E0AB8}.Debug|x86.Build.0 = Debug|Win32
		{45175FE8-382F-4780-8B74-AC748A3E0AB8}.Release|x64.ActiveCfg = Release|x64
		{45175FE8-382F-4780-8B74-AC748A3E0AB8}.Release|x64.Build.0 = Release|x64
		{45175FE8-382F-4780-8B74-AC748A3E0AB8}.Release|x86.ActiveCfg = Release|Win32
		{45175FE8-382F-4780-8B74-AC748A3E0AB8}.Release|x86.Build.0 = Release|Win32
	EndGlobalSection
	GlobalSection(SolutionProperties) = preSolution
		HideSolutionNode = FALSE
	EndGlobalSection
	GlobalSection(ExtensibilityGlobals) = postSolution
		SolutionGuid = {C51A3C2A-AFD1-4404-88A0-3067D725B135}
	EndGlobalSection
EndGlobal
